// !$*UTF8*$!
{
	archiveVersion = 1;
	classes = {
	};
	objectVersion = 50;
	objects = {

/* Begin PBXBuildFile section */
		2B53664E24CA9E1D00B89DA9 /* AppDelegate.swift in Sources */ = {isa = PBXBuildFile; fileRef = 2B53664D24CA9E1D00B89DA9 /* AppDelegate.swift */; };
		2B53665024CA9E1D00B89DA9 /* SceneDelegate.swift in Sources */ = {isa = PBXBuildFile; fileRef = 2B53664F24CA9E1D00B89DA9 /* SceneDelegate.swift */; };
		2B53665224CA9E1D00B89DA9 /* ViewController.swift in Sources */ = {isa = PBXBuildFile; fileRef = 2B53665124CA9E1D00B89DA9 /* ViewController.swift */; };
		2B53665524CA9E1D00B89DA9 /* Main.storyboard in Resources */ = {isa = PBXBuildFile; fileRef = 2B53665324CA9E1D00B89DA9 /* Main.storyboard */; };
		2B53665724CA9E2400B89DA9 /* Assets.xcassets in Resources */ = {isa = PBXBuildFile; fileRef = 2B53665624CA9E2400B89DA9 /* Assets.xcassets */; };
		2B53665A24CA9E2400B89DA9 /* LaunchScreen.storyboard in Resources */ = {isa = PBXBuildFile; fileRef = 2B53665824CA9E2400B89DA9 /* LaunchScreen.storyboard */; };
		2B53666224CA9E6C00B89DA9 /* DeviceAccess.swift in Sources */ = {isa = PBXBuildFile; fileRef = 2B53666124CA9E6C00B89DA9 /* DeviceAccess.swift */; };
/* End PBXBuildFile section */

/* Begin PBXFileReference section */
		2B53664A24CA9E1D00B89DA9 /* BlogPart_2.app */ = {isa = PBXFileReference; explicitFileType = wrapper.application; includeInIndex = 0; path = BlogPart_2.app; sourceTree = BUILT_PRODUCTS_DIR; };
		2B53664D24CA9E1D00B89DA9 /* AppDelegate.swift */ = {isa = PBXFileReference; lastKnownFileType = sourcecode.swift; path = AppDelegate.swift; sourceTree = "<group>"; };
		2B53664F24CA9E1D00B89DA9 /* SceneDelegate.swift */ = {isa = PBXFileReference; lastKnownFileType = sourcecode.swift; path = SceneDelegate.swift; sourceTree = "<group>"; };
		2B53665124CA9E1D00B89DA9 /* ViewController.swift */ = {isa = PBXFileReference; lastKnownFileType = sourcecode.swift; path = ViewController.swift; sourceTree = "<group>"; };
		2B53665424CA9E1D00B89DA9 /* Base */ = {isa = PBXFileReference; lastKnownFileType = file.storyboard; name = Base; path = Base.lproj/Main.storyboard; sourceTree = "<group>"; };
		2B53665624CA9E2400B89DA9 /* Assets.xcassets */ = {isa = PBXFileReference; lastKnownFileType = folder.assetcatalog; path = Assets.xcassets; sourceTree = "<group>"; };
		2B53665924CA9E2400B89DA9 /* Base */ = {isa = PBXFileReference; lastKnownFileType = file.storyboard; name = Base; path = Base.lproj/LaunchScreen.storyboard; sourceTree = "<group>"; };
		2B53665B24CA9E2400B89DA9 /* Info.plist */ = {isa = PBXFileReference; lastKnownFileType = text.plist.xml; path = Info.plist; sourceTree = "<group>"; };
		2B53666124CA9E6C00B89DA9 /* DeviceAccess.swift */ = {isa = PBXFileReference; lastKnownFileType = sourcecode.swift; path = DeviceAccess.swift; sourceTree = "<group>"; };
/* End PBXFileReference section */

/* Begin PBXFrameworksBuildPhase section */
		2B53664724CA9E1D00B89DA9 /* Frameworks */ = {
			isa = PBXFrameworksBuildPhase;
			buildActionMask = 2147483647;
			files = (
			);
			runOnlyForDeploymentPostprocessing = 0;
		};
/* End PBXFrameworksBuildPhase section */

/* Begin PBXGroup section */
		2B53664124CA9E1D00B89DA9 = {
			isa = PBXGroup;
			children = (
				2B53664C24CA9E1D00B89DA9 /* BlogPart_2 */,
				2B53664B24CA9E1D00B89DA9 /* Products */,
			);
			sourceTree = "<group>";
		};
		2B53664B24CA9E1D00B89DA9 /* Products */ = {
			isa = PBXGroup;
			children = (
				2B53664A24CA9E1D00B89DA9 /* BlogPart_2.app */,
			);
			name = Products;
			sourceTree = "<group>";
		};
		2B53664C24CA9E1D00B89DA9 /* BlogPart_2 */ = {
			isa = PBXGroup;
			children = (
				2B53664D24CA9E1D00B89DA9 /* AppDelegate.swift */,
				2B53664F24CA9E1D00B89DA9 /* SceneDelegate.swift */,
				2B53665124CA9E1D00B89DA9 /* ViewController.swift */,
				2B53666124CA9E6C00B89DA9 /* DeviceAccess.swift */,
				2B53665324CA9E1D00B89DA9 /* Main.storyboard */,
				2B53665624CA9E2400B89DA9 /* Assets.xcassets */,
				2B53665824CA9E2400B89DA9 /* LaunchScreen.storyboard */,
				2B53665B24CA9E2400B89DA9 /* Info.plist */,
			);
			path = BlogPart_2;
			sourceTree = "<group>";
		};
/* End PBXGroup section */

/* Begin PBXNativeTarget section */
		2B53664924CA9E1D00B89DA9 /* BlogPart_2 */ = {
			isa = PBXNativeTarget;
			buildConfigurationList = 2B53665E24CA9E2400B89DA9 /* Build configuration list for PBXNativeTarget "BlogPart_2" */;
			buildPhases = (
				2B53664624CA9E1D00B89DA9 /* Sources */,
				2B53664724CA9E1D00B89DA9 /* Frameworks */,
				2B53664824CA9E1D00B89DA9 /* Resources */,
			);
			buildRules = (
			);
			dependencies = (
			);
			name = BlogPart_2;
			productName = BlogPart_2;
			productReference = 2B53664A24CA9E1D00B89DA9 /* BlogPart_2.app */;
			productType = "com.apple.product-type.application";
		};
/* End PBXNativeTarget section */

/* Begin PBXProject section */
		2B53664224CA9E1D00B89DA9 /* Project object */ = {
			isa = PBXProject;
			attributes = {
				LastSwiftUpdateCheck = 1160;
				LastUpgradeCheck = 1160;
				ORGANIZATIONNAME = d;
				TargetAttributes = {
					2B53664924CA9E1D00B89DA9 = {
						CreatedOnToolsVersion = 11.6;
					};
				};
			};
			buildConfigurationList = 2B53664524CA9E1D00B89DA9 /* Build configuration list for PBXProject "BlogPart_2" */;
			compatibilityVersion = "Xcode 9.3";
			developmentRegion = en;
			hasScannedForEncodings = 0;
			knownRegions = (
				en,
				Base,
			);
			mainGroup = 2B53664124CA9E1D00B89DA9;
			productRefGroup = 2B53664B24CA9E1D00B89DA9 /* Products */;
			projectDirPath = "";
			projectRoot = "";
			targets = (
				2B53664924CA9E1D00B89DA9 /* BlogPart_2 */,
			);
		};
/* End PBXProject section */

/* Begin PBXResourcesBuildPhase section */
		2B53664824CA9E1D00B89DA9 /* Resources */ = {
			isa = PBXResourcesBuildPhase;
			buildActionMask = 2147483647;
			files = (
				2B53665A24CA9E2400B89DA9 /* LaunchScreen.storyboard in Resources */,
				2B53665724CA9E2400B89DA9 /* Assets.xcassets in Resources */,
				2B53665524CA9E1D00B89DA9 /* Main.storyboard in Resources */,
			);
			runOnlyForDeploymentPostprocessing = 0;
		};
/* End PBXResourcesBuildPhase section */

/* Begin PBXSourcesBuildPhase section */
		2B53664624CA9E1D00B89DA9 /* Sources */ = {
			isa = PBXSourcesBuildPhase;
			buildActionMask = 2147483647;
			files = (
				2B53665224CA9E1D00B89DA9 /* ViewController.swift in Sources */,
				2B53664E24CA9E1D00B89DA9 /* AppDelegate.swift in Sources */,
				2B53665024CA9E1D00B89DA9 /* SceneDelegate.swift in Sources */,
				2B53666224CA9E6C00B89DA9 /* DeviceAccess.swift in Sources */,
			);
			runOnlyForDeploymentPostprocessing = 0;
		};
/* End PBXSourcesBuildPhase section */

/* Begin PBXVariantGroup section */
		2B53665324CA9E1D00B89DA9 /* Main.storyboard */ = {
			isa = PBXVariantGroup;
			children = (
				2B53665424CA9E1D00B89DA9 /* Base */,
			);
			name = Main.storyboard;
			sourceTree = "<group>";
		};
		2B53665824CA9E2400B89DA9 /* LaunchScreen.storyboard */ = {
			isa = PBXVariantGroup;
			children = (
				2B53665924CA9E2400B89DA9 /* Base */,
			);
			name = LaunchScreen.storyboard;
			sourceTree = "<group>";
		};
/* End PBXVariantGroup section */

/* Begin XCBuildConfiguration section */
		2B53665C24CA9E2400B89DA9 /* Debug */ = {
			isa = XCBuildConfiguration;
			buildSettings = {
				ALWAYS_SEARCH_USER_PATHS = NO;
				CLANG_ANALYZER_NONNULL = YES;
				CLANG_ANALYZER_NUMBER_OBJECT_CONVERSION = YES_AGGRESSIVE;
				CLANG_CXX_LANGUAGE_STANDARD = "gnu++14";
				CLANG_CXX_LIBRARY = "libc++";
				CLANG_ENABLE_MODULES = YES;
				CLANG_ENABLE_OBJC_ARC = YES;
				CLANG_ENABLE_OBJC_WEAK = YES;
				CLANG_WARN_BLOCK_CAPTURE_AUTORELEASING = YES;
				CLANG_WARN_BOOL_CONVERSION = YES;
				CLANG_WARN_COMMA = YES;
				CLANG_WARN_CONSTANT_CONVERSION = YES;
				CLANG_WARN_DEPRECATED_OBJC_IMPLEMENTATIONS = YES;
				CLANG_WARN_DIRECT_OBJC_ISA_USAGE = YES_ERROR;
				CLANG_WARN_DOCUMENTATION_COMMENTS = YES;
				CLANG_WARN_EMPTY_BODY = YES;
				CLANG_WARN_ENUM_CONVERSION = YES;
				CLANG_WARN_INFINITE_RECURSION = YES;
				CLANG_WARN_INT_CONVERSION = YES;
				CLANG_WARN_NON_LITERAL_NULL_CONVERSION = YES;
				CLANG_WARN_OBJC_IMPLICIT_RETAIN_SELF = YES;
				CLANG_WARN_OBJC_LITERAL_CONVERSION = YES;
				CLANG_WARN_OBJC_ROOT_CLASS = YES_ERROR;
				CLANG_WARN_RANGE_LOOP_ANALYSIS = YES;
				CLANG_WARN_STRICT_PROTOTYPES = YES;
				CLANG_WARN_SUSPICIOUS_MOVE = YES;
				CLANG_WARN_UNGUARDED_AVAILABILITY = YES_AGGRESSIVE;
				CLANG_WARN_UNREACHABLE_CODE = YES;
				CLANG_WARN__DUPLICATE_METHOD_MATCH = YES;
				COPY_PHASE_STRIP = NO;
				DEBUG_INFORMATION_FORMAT = dwarf;
				ENABLE_STRICT_OBJC_MSGSEND = YES;
				ENABLE_TESTABILITY = YES;
				GCC_C_LANGUAGE_STANDARD = gnu11;
				GCC_DYNAMIC_NO_PIC = NO;
				GCC_NO_COMMON_BLOCKS = YES;
				GCC_OPTIMIZATION_LEVEL = 0;
				GCC_PREPROCESSOR_DEFINITIONS = (
					"DEBUG=1",
					"$(inherited)",
				);
				GCC_WARN_64_TO_32_BIT_CONVERSION = YES;
				GCC_WARN_ABOUT_RETURN_TYPE = YES_ERROR;
				GCC_WARN_UNDECLARED_SELECTOR = YES;
				GCC_WARN_UNINITIALIZED_AUTOS = YES_AGGRESSIVE;
				GCC_WARN_UNUSED_FUNCTION = YES;
				GCC_WARN_UNUSED_VARIABLE = YES;
				IPHONEOS_DEPLOYMENT_TARGET = 13.6;
				MTL_ENABLE_DEBUG_INFO = INCLUDE_SOURCE;
				MTL_FAST_MATH = YES;
				ONLY_ACTIVE_ARCH = YES;
				SDKROOT = iphoneos;
				SWIFT_ACTIVE_COMPILATION_CONDITIONS = DEBUG;
				SWIFT_OPTIMIZATION_LEVEL = "-Onone";
			};
			name = Debug;
		};
		2B53665D24CA9E2400B89DA9 /* Release */ = {
			isa = XCBuildConfiguration;
			buildSettings = {
				ALWAYS_SEARCH_USER_PATHS = NO;
				CLANG_ANALYZER_NONNULL = YES;
				CLANG_ANALYZER_NUMBER_OBJECT_CONVERSION = YES_AGGRESSIVE;
				CLANG_CXX_LANGUAGE_STANDARD = "gnu++14";
				CLANG_CXX_LIBRARY = "libc++";
				CLANG_ENABLE_MODULES = YES;
				CLANG_ENABLE_OBJC_ARC = YES;
				CLANG_ENABLE_OBJC_WEAK = YES;
				CLANG_WARN_BLOCK_CAPTURE_AUTORELEASING = YES;
				CLANG_WARN_BOOL_CONVERSION = YES;
				CLANG_WARN_COMMA = YES;
				CLANG_WARN_CONSTANT_CONVERSION = YES;
				CLANG_WARN_DEPRECATED_OBJC_IMPLEMENTATIONS = YES;
				CLANG_WARN_DIRECT_OBJC_ISA_USAGE = YES_ERROR;
				CLANG_WARN_DOCUMENTATION_COMMENTS = YES;
				CLANG_WARN_EMPTY_BODY = YES;
				CLANG_WARN_ENUM_CONVERSION = YES;
				CLANG_WARN_INFINITE_RECURSION = YES;
				CLANG_WARN_INT_CONVERSION = YES;
				CLANG_WARN_NON_LITERAL_NULL_CONVERSION = YES;
				CLANG_WARN_OBJC_IMPLICIT_RETAIN_SELF = YES;
				CLANG_WARN_OBJC_LITERAL_CONVERSION = YES;
				CLANG_WARN_OBJC_ROOT_CLASS = YES_ERROR;
				CLANG_WARN_RANGE_LOOP_ANALYSIS = YES;
				CLANG_WARN_STRICT_PROTOTYPES = YES;
				CLANG_WARN_SUSPICIOUS_MOVE = YES;
				CLANG_WARN_UNGUARDED_AVAILABILITY = YES_AGGRESSIVE;
				CLANG_WARN_UNREACHABLE_CODE = YES;
				CLANG_WARN__DUPLICATE_METHOD_MATCH = YES;
				COPY_PHASE_STRIP = NO;
				DEBUG_INFORMATION_FORMAT = "dwarf-with-dsym";
				ENABLE_NS_ASSERTIONS = NO;
				ENABLE_STRICT_OBJC_MSGSEND = YES;
				GCC_C_LANGUAGE_STANDARD = gnu11;
				GCC_NO_COMMON_BLOCKS = YES;
				GCC_WARN_64_TO_32_BIT_CONVERSION = YES;
				GCC_WARN_ABOUT_RETURN_TYPE = YES_ERROR;
				GCC_WARN_UNDECLARED_SELECTOR = YES;
				GCC_WARN_UNINITIALIZED_AUTOS = YES_AGGRESSIVE;
				GCC_WARN_UNUSED_FUNCTION = YES;
				GCC_WARN_UNUSED_VARIABLE = YES;
				IPHONEOS_DEPLOYMENT_TARGET = 13.6;
				MTL_ENABLE_DEBUG_INFO = NO;
				MTL_FAST_MATH = YES;
				SDKROOT = iphoneos;
				SWIFT_COMPILATION_MODE = wholemodule;
				SWIFT_OPTIMIZATION_LEVEL = "-O";
				VALIDATE_PRODUCT = YES;
			};
			name = Release;
		};
		2B53665F24CA9E2400B89DA9 /* Debug */ = {
			isa = XCBuildConfiguration;
			buildSettings = {
				ASSETCATALOG_COMPILER_APPICON_NAME = AppIcon;
				CODE_SIGN_STYLE = Automatic;
				DEVELOPMENT_TEAM = AM292KQK2W;
				INFOPLIST_FILE = BlogPart_2/Info.plist;
				LD_RUNPATH_SEARCH_PATHS = (
					"$(inherited)",
					"@executable_path/Frameworks",
				);
				PRODUCT_BUNDLE_IDENTIFIER = "com.macostutorial.buck.BlogPart-2";
				PRODUCT_NAME = "$(TARGET_NAME)";
				SWIFT_VERSION = 5.0;
				TARGETED_DEVICE_FAMILY = "1,2";
			};
			name = Debug;
		};
		2B53666024CA9E2400B89DA9 /* Release */ = {
			isa = XCBuildConfiguration;
			buildSettings = {
				ASSETCATALOG_COMPILER_APPICON_NAME = AppIcon;
				CODE_SIGN_STYLE = Automatic;
				DEVELOPMENT_TEAM = AM292KQK2W;
				INFOPLIST_FILE = BlogPart_2/Info.plist;
				LD_RUNPATH_SEARCH_PATHS = (
					"$(inherited)",
					"@executable_path/Frameworks",
				);
				PRODUCT_BUNDLE_IDENTIFIER = "com.macostutorial.buck.BlogPart-2";
				PRODUCT_NAME = "$(TARGET_NAME)";
				SWIFT_VERSION = 5.0;
				TARGETED_DEVICE_FAMILY = "1,2";
			};
			name = Release;
		};
/* End XCBuildConfiguration section */

/* Begin XCConfigurationList section */
		2B53664524CA9E1D00B89DA9 /* Build configuration list for PBXProject "BlogPart_2" */ = {
			isa = XCConfigurationList;
			buildConfigurations = (
				2B53665C24CA9E2400B89DA9 /* Debug */,
				2B53665D24CA9E2400B89DA9 /* Release */,
			);
			defaultConfigurationIsVisible = 0;
			defaultConfigurationName = Release;
		};
		2B53665E24CA9E2400B89DA9 /* Build configuration list for PBXNativeTarget "BlogPart_2" */ = {
			isa = XCConfigurationList;
			buildConfigurations = (
				2B53665F24CA9E2400B89DA9 /* Debug */,
				2B53666024CA9E2400B89DA9 /* Release */,
			);
			defaultConfigurationIsVisible = 0;
			defaultConfigurationName = Release;
		};
/* End XCConfigurationList section */
	};
	rootObject = 2B53664224CA9E1D00B89DA9 /* Project object */;
}
